
Microsoft Visual Studio Solution File, Format Version 12.00
# Visual Studio Version 16
VisualStudioVersion = 16.0.33927.289
MinimumVisualStudioVersion = 10.0.40219.1
Project("{2150E333-8FDC-42A3-9474-1A3956D46DE8}") = "Project", "Project", "{BC260302-1E5A-4165-9366-880F8E33F140}"
EndProject
Project("{FAE04EC0-301F-11D3-BF4B-00C04F79EFBC}") = "Tyuiu.GofmanDV.Sprint7.Project.V2.Lib", "Tyuiu.GofmanDV.Sprint7.Project.V2.Lib\Tyuiu.GofmanDV.Sprint7.Project.V2.Lib.csproj", "{E59B239A-0E14-47E8-B715-CF832C73FFB5}"
EndProject
Project("{FAE04EC0-301F-11D3-BF4B-00C04F79EFBC}") = "Tyuiu.GofmanDV.Sprint7.Project.V2.Test", "Tyuiu.GofmanDV.Sprint7.Project.V2.Test\Tyuiu.GofmanDV.Sprint7.Project.V2.Test.csproj", "{1A5F06AB-ABCA-4863-B191-2878FF2C7C6E}"
EndProject
Project("{FAE04EC0-301F-11D3-BF4B-00C04F79EFBC}") = "Tyuiu.GofmanDV.Sprint7.Project.V2", "Tyuiu.GofmanDV.Sprint7.Project.V2\Tyuiu.GofmanDV.Sprint7.Project.V2.csproj", "{E4DAA552-728C-4C09-9A0C-EC71991E0173}"
EndProject
Global
	GlobalSection(SolutionConfigurationPlatforms) = preSolution
		Debug|Any CPU = Debug|Any CPU
		Release|Any CPU = Release|Any CPU
	EndGlobalSection
	GlobalSection(ProjectConfigurationPlatforms) = postSolution
		{E59B239A-0E14-47E8-B715-CF832C73FFB5}.Debug|Any CPU.ActiveCfg = Debug|Any CPU
		{E59B239A-0E14-47E8-B715-CF832C73FFB5}.Debug|Any CPU.Build.0 = Debug|Any CPU
		{E59B239A-0E14-47E8-B715-CF832C73FFB5}.Release|Any CPU.ActiveCfg = Release|Any CPU
		{E59B239A-0E14-47E8-B715-CF832C73FFB5}.Release|Any CPU.Build.0 = Release|Any CPU
		{1A5F06AB-ABCA-4863-B191-2878FF2C7C6E}.Debug|Any CPU.ActiveCfg = Debug|Any CPU
		{1A5F06AB-ABCA-4863-B191-2878FF2C7C6E}.Debug|Any CPU.Build.0 = Debug|Any CPU
		{1A5F06AB-ABCA-4863-B191-2878FF2C7C6E}.Release|Any CPU.ActiveCfg = Release|Any CPU
		{1A5F06AB-ABCA-4863-B191-2878FF2C7C6E}.Release|Any CPU.Build.0 = Release|Any CPU
		{E4DAA552-728C-4C09-9A0C-EC71991E0173}.Debug|Any CPU.ActiveCfg = Debug|Any CPU
		{E4DAA552-728C-4C09-9A0C-EC71991E0173}.Debug|Any CPU.Build.0 = Debug|Any CPU
		{E4DAA552-728C-4C09-9A0C-EC71991E0173}.Release|Any CPU.ActiveCfg = Release|Any CPU
		{E4DAA552-728C-4C09-9A0C-EC71991E0173}.Release|Any CPU.Build.0 = Release|Any CPU
	EndGlobalSection
	GlobalSection(SolutionProperties) = preSolution
		HideSolutionNode = FALSE
	EndGlobalSection
	GlobalSection(NestedProjects) = preSolution
		{E59B239A-0E14-47E8-B715-CF832C73FFB5} = {BC260302-1E5A-4165-9366-880F8E33F140}
		{1A5F06AB-ABCA-4863-B191-2878FF2C7C6E} = {BC260302-1E5A-4165-9366-880F8E33F140}
		{E4DAA552-728C-4C09-9A0C-EC71991E0173} = {BC260302-1E5A-4165-9366-880F8E33F140}
	EndGlobalSection
	GlobalSection(ExtensibilityGlobals) = postSolution
		SolutionGuid = {32520189-CCF7-45B7-92E3-638F904CCD26}
	EndGlobalSection
EndGlobal
